github.com/maximalyono/go-say-hello v1.0.3 h1:D7XG+Co8DFAz4jM8N+AU5rAGQOIfUaFgiID5Y9KDsS4=
github.com/maximalyono/go-say-hello v1.0.3/go.mod h1:br0hMSNxL4TTSRnIU8ZHFS9eCHI+uJqY1clNNcZjrQY=
github.com/maximalyono/go-say-hello v1.0.4 h1:j57OVqDNpP51a9JeTGlyOlsq33vn4bQEIMoI+FWhHuQ=
github.com/maximalyono/go-say-hello v1.0.4/go.mod h1:br0hMSNxL4TTSRnIU8ZHFS9eCHI+uJqY1clNNcZjrQY=
github.com/maximalyono/go-say-hello/v2 v2.0.0 h1:tRFaU2YsFsjFGHOkhCknG6g9mLGHv4w7fhMA7y5NtR0=
github.com/maximalyono/go-say-hello/v2 v2.0.0/go.mod h1:OUx6GSo50KcqpoJHWjOvitZuwEOZBiYd900dYd9aVgY=
